
Microsoft Visual Studio Solution File, Format Version 12.00
# Visual Studio Version 17
VisualStudioVersion = 17.0.32014.148
MinimumVisualStudioVersion = 10.0.40219.1
Project("{9A19103F-16F7-4668-BE54-9A1E7A4F7556}") = "Demo.Core.Api", "Trigent.Core.Api\Demo.Core.Api.csproj", "{36C45E4C-7BDF-4BA2-9A19-F004DC7933D8}"
EndProject
Project("{9A19103F-16F7-4668-BE54-9A1E7A4F7556}") = "Demo.Core.Framework", "Trigent.Core.Framework\Demo.Core.Framework.csproj", "{14883916-1BA0-4F46-9ECF-BA1DE5ECD632}"
EndProject
Project("{2150E333-8FDC-42A3-9474-1A3956D46DE8}") = "src", "src", "{0BE33B23-5592-4BDF-BC59-C7F16C314AB9}"
EndProject
Project("{2150E333-8FDC-42A3-9474-1A3956D46DE8}") = "API", "API", "{B48C24DF-6DF6-4B80-948A-16A23537E291}"
EndProject
Project("{2150E333-8FDC-42A3-9474-1A3956D46DE8}") = "Web", "Web", "{7028C491-F7BA-41F2-8F40-E12571029E9C}"
EndProject
Project("{2150E333-8FDC-42A3-9474-1A3956D46DE8}") = "Framework", "Framework", "{2AE05472-3414-4839-BABB-C9EFC69D27BC}"
EndProject
Project("{2150E333-8FDC-42A3-9474-1A3956D46DE8}") = "Logging", "Logging", "{A9897690-AA4B-4CB1-8AAB-8D141CB36C2A}"
EndProject
Project("{2150E333-8FDC-42A3-9474-1A3956D46DE8}") = "Domain", "Domain", "{682B7139-7B18-490C-A7CC-842004A65FEE}"
EndProject
Project("{2150E333-8FDC-42A3-9474-1A3956D46DE8}") = "Infrastructure", "Infrastructure", "{E354F83C-5B6C-42BC-9DCF-78778700036C}"
EndProject
Project("{FAE04EC0-301F-11D3-BF4B-00C04F79EFBC}") = "Trigent.Core.Infrastructure", "Trigent.Core.Infrastructure.Modules\Trigent.Core.Infrastructure.csproj", "{F92F7D42-FE39-4F9C-90CE-E7A5E0F4664D}"
EndProject
Project("{FAE04EC0-301F-11D3-BF4B-00C04F79EFBC}") = "Demo.Core.Logging", "Trigent.Core.Logging\Demo.Core.Logging.csproj", "{FC41E587-167E-4806-A140-115550C6D694}"
EndProject
Project("{FAE04EC0-301F-11D3-BF4B-00C04F79EFBC}") = "Demo.Core.Domain", "Trigent.Core.Domain\Demo.Core.Domain.csproj", "{0A7C21DC-A327-4F9D-A921-1F715F4974F5}"
EndProject
Global
	GlobalSection(SolutionConfigurationPlatforms) = preSolution
		Debug|Any CPU = Debug|Any CPU
		Release|Any CPU = Release|Any CPU
	EndGlobalSection
	GlobalSection(ProjectConfigurationPlatforms) = postSolution
		{36C45E4C-7BDF-4BA2-9A19-F004DC7933D8}.Debug|Any CPU.ActiveCfg = Debug|Any CPU
		{36C45E4C-7BDF-4BA2-9A19-F004DC7933D8}.Debug|Any CPU.Build.0 = Debug|Any CPU
		{36C45E4C-7BDF-4BA2-9A19-F004DC7933D8}.Release|Any CPU.ActiveCfg = Release|Any CPU
		{36C45E4C-7BDF-4BA2-9A19-F004DC7933D8}.Release|Any CPU.Build.0 = Release|Any CPU
		{14883916-1BA0-4F46-9ECF-BA1DE5ECD632}.Debug|Any CPU.ActiveCfg = Debug|Any CPU
		{14883916-1BA0-4F46-9ECF-BA1DE5ECD632}.Debug|Any CPU.Build.0 = Debug|Any CPU
		{14883916-1BA0-4F46-9ECF-BA1DE5ECD632}.Release|Any CPU.ActiveCfg = Release|Any CPU
		{14883916-1BA0-4F46-9ECF-BA1DE5ECD632}.Release|Any CPU.Build.0 = Release|Any CPU
		{F92F7D42-FE39-4F9C-90CE-E7A5E0F4664D}.Debug|Any CPU.ActiveCfg = Debug|Any CPU
		{F92F7D42-FE39-4F9C-90CE-E7A5E0F4664D}.Debug|Any CPU.Build.0 = Debug|Any CPU
		{F92F7D42-FE39-4F9C-90CE-E7A5E0F4664D}.Release|Any CPU.ActiveCfg = Release|Any CPU
		{F92F7D42-FE39-4F9C-90CE-E7A5E0F4664D}.Release|Any CPU.Build.0 = Release|Any CPU
		{FC41E587-167E-4806-A140-115550C6D694}.Debug|Any CPU.ActiveCfg = Debug|Any CPU
		{FC41E587-167E-4806-A140-115550C6D694}.Debug|Any CPU.Build.0 = Debug|Any CPU
		{FC41E587-167E-4806-A140-115550C6D694}.Release|Any CPU.ActiveCfg = Release|Any CPU
		{FC41E587-167E-4806-A140-115550C6D694}.Release|Any CPU.Build.0 = Release|Any CPU
		{0A7C21DC-A327-4F9D-A921-1F715F4974F5}.Debug|Any CPU.ActiveCfg = Debug|Any CPU
		{0A7C21DC-A327-4F9D-A921-1F715F4974F5}.Debug|Any CPU.Build.0 = Debug|Any CPU
		{0A7C21DC-A327-4F9D-A921-1F715F4974F5}.Release|Any CPU.ActiveCfg = Release|Any CPU
		{0A7C21DC-A327-4F9D-A921-1F715F4974F5}.Release|Any CPU.Build.0 = Release|Any CPU
	EndGlobalSection
	GlobalSection(SolutionProperties) = preSolution
		HideSolutionNode = FALSE
	EndGlobalSection
	GlobalSection(NestedProjects) = preSolution
		{36C45E4C-7BDF-4BA2-9A19-F004DC7933D8} = {B48C24DF-6DF6-4B80-948A-16A23537E291}
		{14883916-1BA0-4F46-9ECF-BA1DE5ECD632} = {2AE05472-3414-4839-BABB-C9EFC69D27BC}
		{B48C24DF-6DF6-4B80-948A-16A23537E291} = {0BE33B23-5592-4BDF-BC59-C7F16C314AB9}
		{7028C491-F7BA-41F2-8F40-E12571029E9C} = {0BE33B23-5592-4BDF-BC59-C7F16C314AB9}
		{2AE05472-3414-4839-BABB-C9EFC69D27BC} = {0BE33B23-5592-4BDF-BC59-C7F16C314AB9}
		{A9897690-AA4B-4CB1-8AAB-8D141CB36C2A} = {0BE33B23-5592-4BDF-BC59-C7F16C314AB9}
		{682B7139-7B18-490C-A7CC-842004A65FEE} = {0BE33B23-5592-4BDF-BC59-C7F16C314AB9}
		{E354F83C-5B6C-42BC-9DCF-78778700036C} = {2AE05472-3414-4839-BABB-C9EFC69D27BC}
		{F92F7D42-FE39-4F9C-90CE-E7A5E0F4664D} = {E354F83C-5B6C-42BC-9DCF-78778700036C}
		{FC41E587-167E-4806-A140-115550C6D694} = {A9897690-AA4B-4CB1-8AAB-8D141CB36C2A}
		{0A7C21DC-A327-4F9D-A921-1F715F4974F5} = {682B7139-7B18-490C-A7CC-842004A65FEE}
	EndGlobalSection
	GlobalSection(ExtensibilityGlobals) = postSolution
		SolutionGuid = {13C98695-D87E-4745-8750-0EEDEF4493A6}
	EndGlobalSection
EndGlobal
